
Microsoft Visual Studio Solution File, Format Version 12.00
# Visual Studio Version 17
VisualStudioVersion = 17.0.31903.59
MinimumVisualStudioVersion = 10.0.40219.1
Project("{FAE04EC0-301F-11D3-BF4B-00C04F79EFBC}") = "AdventOfCode2024", "AdventOfCode2024\AdventOfCode2024.csproj", "{99C9E6DC-838D-4F3F-94E3-5E81B61C6536}"
EndProject
Project("{FAE04EC0-301F-11D3-BF4B-00C04F79EFBC}") = "AdventOfCode2024.Tests", "AdventOfCode2024.Tests\AdventOfCode2024.Tests.csproj", "{162FFA29-8ED5-4066-B3C3-6F4A6B4CB170}"
EndProject
Global
	GlobalSection(SolutionConfigurationPlatforms) = preSolution
		Debug|Any CPU = Debug|Any CPU
		Release|Any CPU = Release|Any CPU
	EndGlobalSection
	GlobalSection(SolutionProperties) = preSolution
		HideSolutionNode = FALSE
	EndGlobalSection
	GlobalSection(ProjectConfigurationPlatforms) = postSolution
		{99C9E6DC-838D-4F3F-94E3-5E81B61C6536}.Debug|Any CPU.ActiveCfg = Debug|Any CPU
		{99C9E6DC-838D-4F3F-94E3-5E81B61C6536}.Debug|Any CPU.Build.0 = Debug|Any CPU
		{99C9E6DC-838D-4F3F-94E3-5E81B61C6536}.Release|Any CPU.ActiveCfg = Release|Any CPU
		{99C9E6DC-838D-4F3F-94E3-5E81B61C6536}.Release|Any CPU.Build.0 = Release|Any CPU
		{162FFA29-8ED5-4066-B3C3-6F4A6B4CB170}.Debug|Any CPU.ActiveCfg = Debug|Any CPU
		{162FFA29-8ED5-4066-B3C3-6F4A6B4CB170}.Debug|Any CPU.Build.0 = Debug|Any CPU
		{162FFA29-8ED5-4066-B3C3-6F4A6B4CB170}.Release|Any CPU.ActiveCfg = Release|Any CPU
		{162FFA29-8ED5-4066-B3C3-6F4A6B4CB170}.Release|Any CPU.Build.0 = Release|Any CPU
	EndGlobalSection
EndGlobal
